
Microsoft Visual Studio Solution File, Format Version 12.00
# Visual Studio Version 17
VisualStudioVersion = 17.2.32630.192
MinimumVisualStudioVersion = 10.0.40219.1
Project("{FAE04EC0-301F-11D3-BF4B-00C04F79EFBC}") = "BonFireAPI", "BonFireAPI\BonFireAPI.csproj", "{E1A7B131-4327-4DEA-9104-1D1A04C81A7B}"
EndProject
Project("{FAE04EC0-301F-11D3-BF4B-00C04F79EFBC}") = "Common", "Common\Common.csproj", "{AD4B454A-8BFE-4529-AC35-25FD60BB8742}"
EndProject
Global
	GlobalSection(SolutionConfigurationPlatforms) = preSolution
		Debug|Any CPU = Debug|Any CPU
		Release|Any CPU = Release|Any CPU
	EndGlobalSection
	GlobalSection(ProjectConfigurationPlatforms) = postSolution
		{E1A7B131-4327-4DEA-9104-1D1A04C81A7B}.Debug|Any CPU.ActiveCfg = Debug|Any CPU
		{E1A7B131-4327-4DEA-9104-1D1A04C81A7B}.Debug|Any CPU.Build.0 = Debug|Any CPU
		{E1A7B131-4327-4DEA-9104-1D1A04C81A7B}.Release|Any CPU.ActiveCfg = Release|Any CPU
		{E1A7B131-4327-4DEA-9104-1D1A04C81A7B}.Release|Any CPU.Build.0 = Release|Any CPU
		{AD4B454A-8BFE-4529-AC35-25FD60BB8742}.Debug|Any CPU.ActiveCfg = Debug|Any CPU
		{AD4B454A-8BFE-4529-AC35-25FD60BB8742}.Debug|Any CPU.Build.0 = Debug|Any CPU
		{AD4B454A-8BFE-4529-AC35-25FD60BB8742}.Release|Any CPU.ActiveCfg = Release|Any CPU
		{AD4B454A-8BFE-4529-AC35-25FD60BB8742}.Release|Any CPU.Build.0 = Release|Any CPU
	EndGlobalSection
	GlobalSection(SolutionProperties) = preSolution
		HideSolutionNode = FALSE
	EndGlobalSection
	GlobalSection(ExtensibilityGlobals) = postSolution
		SolutionGuid = {4E9D8C1A-210C-40B7-A7F3-7D77B37AB9F7}
	EndGlobalSection
EndGlobal
